
Microsoft Visual Studio Solution File, Format Version 12.00
# Visual Studio Version 17
VisualStudioVersion = 17.4.33213.308
MinimumVisualStudioVersion = 10.0.40219.1
Project("{9A19103F-16F7-4668-BE54-9A1E7A4F7556}") = "FilesManagerWithAzure.Core", "FilesManagerWithAzure.Core\FilesManagerWithAzure.Core.csproj", "{161AF399-93BD-4311-A2C0-BF0DE6DB24C9}"
EndProject
Project("{FAE04EC0-301F-11D3-BF4B-00C04F79EFBC}") = "FilesManagerWithAzure.APP", "FilesManagerWithAzure.APP\FilesManagerWithAzure.APP.csproj", "{DC715D37-AD5C-48E1-A252-D5448FDF4788}"
EndProject
Global
	GlobalSection(SolutionConfigurationPlatforms) = preSolution
		Debug|Any CPU = Debug|Any CPU
		Release|Any CPU = Release|Any CPU
	EndGlobalSection
	GlobalSection(ProjectConfigurationPlatforms) = postSolution
		{161AF399-93BD-4311-A2C0-BF0DE6DB24C9}.Debug|Any CPU.ActiveCfg = Debug|Any CPU
		{161AF399-93BD-4311-A2C0-BF0DE6DB24C9}.Debug|Any CPU.Build.0 = Debug|Any CPU
		{161AF399-93BD-4311-A2C0-BF0DE6DB24C9}.Release|Any CPU.ActiveCfg = Release|Any CPU
		{161AF399-93BD-4311-A2C0-BF0DE6DB24C9}.Release|Any CPU.Build.0 = Release|Any CPU
		{DC715D37-AD5C-48E1-A252-D5448FDF4788}.Debug|Any CPU.ActiveCfg = Debug|Any CPU
		{DC715D37-AD5C-48E1-A252-D5448FDF4788}.Debug|Any CPU.Build.0 = Debug|Any CPU
		{DC715D37-AD5C-48E1-A252-D5448FDF4788}.Release|Any CPU.ActiveCfg = Release|Any CPU
		{DC715D37-AD5C-48E1-A252-D5448FDF4788}.Release|Any CPU.Build.0 = Release|Any CPU
	EndGlobalSection
	GlobalSection(SolutionProperties) = preSolution
		HideSolutionNode = FALSE
	EndGlobalSection
	GlobalSection(ExtensibilityGlobals) = postSolution
		SolutionGuid = {D360AB77-3167-4373-AABF-6D430DFDBFF2}
	EndGlobalSection
EndGlobal
